// !$*UTF8*$!
{
	archiveVersion = 1;
	classes = {
	};
	objectVersion = 46;
	objects = {

/* Begin PBXBuildFile section */
		3E3ABDE81EEA0C6700B7A04E /* main.m in Sources */ = {isa = PBXBuildFile; fileRef = 3E3ABDE71EEA0C6700B7A04E /* main.m */; };
		3E3ABDEB1EEA0C6700B7A04E /* AppDelegate.m in Sources */ = {isa = PBXBuildFile; fileRef = 3E3ABDEA1EEA0C6700B7A04E /* AppDelegate.m */; };
		3E3ABDEE1EEA0C6700B7A04E /* ViewController.m in Sources */ = {isa = PBXBuildFile; fileRef = 3E3ABDED1EEA0C6700B7A04E /* ViewController.m */; };
		3E3ABDF11EEA0C6700B7A04E /* Main.storyboard in Resources */ = {isa = PBXBuildFile; fileRef = 3E3ABDEF1EEA0C6700B7A04E /* Main.storyboard */; };
		3E3ABDF31EEA0C6700B7A04E /* Assets.xcassets in Resources */ = {isa = PBXBuildFile; fileRef = 3E3ABDF21EEA0C6700B7A04E /* Assets.xcassets */; };
		3E3ABDF61EEA0C6700B7A04E /* LaunchScreen.storyboard in Resources */ = {isa = PBXBuildFile; fileRef = 3E3ABDF41EEA0C6700B7A04E /* LaunchScreen.storyboard */; };
		3E3ABE011EEA0C6800B7A04E /* CVSVMTestTests.m in Sources */ = {isa = PBXBuildFile; fileRef = 3E3ABE001EEA0C6800B7A04E /* CVSVMTestTests.m */; };
		3E3ABE0C1EEA0C6800B7A04E /* CVSVMTestUITests.m in Sources */ = {isa = PBXBuildFile; fileRef = 3E3ABE0B1EEA0C6800B7A04E /* CVSVMTestUITests.m */; };
		3E3ABE1B1EEA0EBA00B7A04E /* SVMLoadTester.cpp in Sources */ = {isa = PBXBuildFile; fileRef = 3E3ABE191EEA0EBA00B7A04E /* SVMLoadTester.cpp */; };
		3E3ABE1E1EEA0F9900B7A04E /* opencv2.framework in Frameworks */ = {isa = PBXBuildFile; fileRef = 3E3ABE1D1EEA0F9900B7A04E /* opencv2.framework */; };
/* End PBXBuildFile section */

/* Begin PBXContainerItemProxy section */
		3E3ABDFD1EEA0C6800B7A04E /* PBXContainerItemProxy */ = {
			isa = PBXContainerItemProxy;
			containerPortal = 3E3ABDDB1EEA0C6700B7A04E /* Project object */;
			proxyType = 1;
			remoteGlobalIDString = 3E3ABDE21EEA0C6700B7A04E;
			remoteInfo = CVSVMTest;
		};
		3E3ABE081EEA0C6800B7A04E /* PBXContainerItemProxy */ = {
			isa = PBXContainerItemProxy;
			containerPortal = 3E3ABDDB1EEA0C6700B7A04E /* Project object */;
			proxyType = 1;
			remoteGlobalIDString = 3E3ABDE21EEA0C6700B7A04E;
			remoteInfo = CVSVMTest;
		};
/* End PBXContainerItemProxy section */

/* Begin PBXFileReference section */
		3E3ABDE31EEA0C6700B7A04E /* CVSVMTest.app */ = {isa = PBXFileReference; explicitFileType = wrapper.application; includeInIndex = 0; path = CVSVMTest.app; sourceTree = BUILT_PRODUCTS_DIR; };
		3E3ABDE71EEA0C6700B7A04E /* main.m */ = {isa = PBXFileReference; lastKnownFileType = sourcecode.c.objc; path = main.m; sourceTree = "<group>"; };
		3E3ABDE91EEA0C6700B7A04E /* AppDelegate.h */ = {isa = PBXFileReference; lastKnownFileType = sourcecode.c.h; path = AppDelegate.h; sourceTree = "<group>"; };
		3E3ABDEA1EEA0C6700B7A04E /* AppDelegate.m */ = {isa = PBXFileReference; lastKnownFileType = sourcecode.c.objc; path = AppDelegate.m; sourceTree = "<group>"; };
		3E3ABDEC1EEA0C6700B7A04E /* ViewController.h */ = {isa = PBXFileReference; lastKnownFileType = sourcecode.c.h; path = ViewController.h; sourceTree = "<group>"; };
		3E3ABDED1EEA0C6700B7A04E /* ViewController.m */ = {isa = PBXFileReference; lastKnownFileType = sourcecode.c.objc; path = ViewController.m; sourceTree = "<group>"; };
		3E3ABDF01EEA0C6700B7A04E /* Base */ = {isa = PBXFileReference; lastKnownFileType = file.storyboard; name = Base; path = Base.lproj/Main.storyboard; sourceTree = "<group>"; };
		3E3ABDF21EEA0C6700B7A04E /* Assets.xcassets */ = {isa = PBXFileReference; lastKnownFileType = folder.assetcatalog; path = Assets.xcassets; sourceTree = "<group>"; };
		3E3ABDF51EEA0C6700B7A04E /* Base */ = {isa = PBXFileReference; lastKnownFileType = file.storyboard; name = Base; path = Base.lproj/LaunchScreen.storyboard; sourceTree = "<group>"; };
		3E3ABDF71EEA0C6700B7A04E /* Info.plist */ = {isa = PBXFileReference; lastKnownFileType = text.plist.xml; path = Info.plist; sourceTree = "<group>"; };
		3E3ABDFC1EEA0C6800B7A04E /* CVSVMTestTests.xctest */ = {isa = PBXFileReference; explicitFileType = wrapper.cfbundle; includeInIndex = 0; path = CVSVMTestTests.xctest; sourceTree = BUILT_PRODUCTS_DIR; };
		3E3ABE001EEA0C6800B7A04E /* CVSVMTestTests.m */ = {isa = PBXFileReference; lastKnownFileType = sourcecode.c.objc; path = CVSVMTestTests.m; sourceTree = "<group>"; };
		3E3ABE021EEA0C6800B7A04E /* Info.plist */ = {isa = PBXFileReference; lastKnownFileType = text.plist.xml; path = Info.plist; sourceTree = "<group>"; };
		3E3ABE071EEA0C6800B7A04E /* CVSVMTestUITests.xctest */ = {isa = PBXFileReference; explicitFileType = wrapper.cfbundle; includeInIndex = 0; path = CVSVMTestUITests.xctest; sourceTree = BUILT_PRODUCTS_DIR; };
		3E3ABE0B1EEA0C6800B7A04E /* CVSVMTestUITests.m */ = {isa = PBXFileReference; lastKnownFileType = sourcecode.c.objc; path = CVSVMTestUITests.m; sourceTree = "<group>"; };
		3E3ABE0D1EEA0C6800B7A04E /* Info.plist */ = {isa = PBXFileReference; lastKnownFileType = text.plist.xml; path = Info.plist; sourceTree = "<group>"; };
		3E3ABE191EEA0EBA00B7A04E /* SVMLoadTester.cpp */ = {isa = PBXFileReference; fileEncoding = 4; lastKnownFileType = sourcecode.cpp.cpp; path = SVMLoadTester.cpp; sourceTree = "<group>"; };
		3E3ABE1A1EEA0EBA00B7A04E /* SVMLoadTester.hpp */ = {isa = PBXFileReference; fileEncoding = 4; lastKnownFileType = sourcecode.cpp.h; path = SVMLoadTester.hpp; sourceTree = "<group>"; };
		3E3ABE1D1EEA0F9900B7A04E /* opencv2.framework */ = {isa = PBXFileReference; lastKnownFileType = wrapper.framework; path = opencv2.framework; sourceTree = "<group>"; };
/* End PBXFileReference section */

/* Begin PBXFrameworksBuildPhase section */
		3E3ABDE01EEA0C6700B7A04E /* Frameworks */ = {
			isa = PBXFrameworksBuildPhase;
			buildActionMask = 2147483647;
			files = (
				3E3ABE1E1EEA0F9900B7A04E /* opencv2.framework in Frameworks */,
			);
			runOnlyForDeploymentPostprocessing = 0;
		};
		3E3ABDF91EEA0C6800B7A04E /* Frameworks */ = {
			isa = PBXFrameworksBuildPhase;
			buildActionMask = 2147483647;
			files = (
			);
			runOnlyForDeploymentPostprocessing = 0;
		};
		3E3ABE041EEA0C6800B7A04E /* Frameworks */ = {
			isa = PBXFrameworksBuildPhase;
			buildActionMask = 2147483647;
			files = (
			);
			runOnlyForDeploymentPostprocessing = 0;
		};
/* End PBXFrameworksBuildPhase section */

/* Begin PBXGroup section */
		3E3ABDDA1EEA0C6700B7A04E = {
			isa = PBXGroup;
			children = (
				3E3ABDE51EEA0C6700B7A04E /* CVSVMTest */,
				3E3ABDFF1EEA0C6800B7A04E /* CVSVMTestTests */,
				3E3ABE0A1EEA0C6800B7A04E /* CVSVMTestUITests */,
				3E3ABDE41EEA0C6700B7A04E /* Products */,
				3E3ABE1C1EEA0F9400B7A04E /* Frameworks */,
			);
			sourceTree = "<group>";
		};
		3E3ABDE41EEA0C6700B7A04E /* Products */ = {
			isa = PBXGroup;
			children = (
				3E3ABDE31EEA0C6700B7A04E /* CVSVMTest.app */,
				3E3ABDFC1EEA0C6800B7A04E /* CVSVMTestTests.xctest */,
				3E3ABE071EEA0C6800B7A04E /* CVSVMTestUITests.xctest */,
			);
			name = Products;
			sourceTree = "<group>";
		};
		3E3ABDE51EEA0C6700B7A04E /* CVSVMTest */ = {
			isa = PBXGroup;
			children = (
				3E3ABDE91EEA0C6700B7A04E /* AppDelegate.h */,
				3E3ABDEA1EEA0C6700B7A04E /* AppDelegate.m */,
				3E3ABDEC1EEA0C6700B7A04E /* ViewController.h */,
				3E3ABDED1EEA0C6700B7A04E /* ViewController.m */,
				3E3ABDEF1EEA0C6700B7A04E /* Main.storyboard */,
				3E3ABDF21EEA0C6700B7A04E /* Assets.xcassets */,
				3E3ABDF41EEA0C6700B7A04E /* LaunchScreen.storyboard */,
				3E3ABDF71EEA0C6700B7A04E /* Info.plist */,
				3E3ABDE61EEA0C6700B7A04E /* Supporting Files */,
				3E3ABE191EEA0EBA00B7A04E /* SVMLoadTester.cpp */,
				3E3ABE1A1EEA0EBA00B7A04E /* SVMLoadTester.hpp */,
			);
			path = CVSVMTest;
			sourceTree = "<group>";
		};
		3E3ABDE61EEA0C6700B7A04E /* Supporting Files */ = {
			isa = PBXGroup;
			children = (
				3E3ABDE71EEA0C6700B7A04E /* main.m */,
			);
			name = "Supporting Files";
			sourceTree = "<group>";
		};
		3E3ABDFF1EEA0C6800B7A04E /* CVSVMTestTests */ = {
			isa = PBXGroup;
			children = (
				3E3ABE001EEA0C6800B7A04E /* CVSVMTestTests.m */,
				3E3ABE021EEA0C6800B7A04E /* Info.plist */,
			);
			path = CVSVMTestTests;
			sourceTree = "<group>";
		};
		3E3ABE0A1EEA0C6800B7A04E /* CVSVMTestUITests */ = {
			isa = PBXGroup;
			children = (
				3E3ABE0B1EEA0C6800B7A04E /* CVSVMTestUITests.m */,
				3E3ABE0D1EEA0C6800B7A04E /* Info.plist */,
			);
			path = CVSVMTestUITests;
			sourceTree = "<group>";
		};
		3E3ABE1C1EEA0F9400B7A04E /* Frameworks */ = {
			isa = PBXGroup;
			children = (
				3E3ABE1D1EEA0F9900B7A04E /* opencv2.framework */,
			);
			name = Frameworks;
			sourceTree = "<group>";
		};
/* End PBXGroup section */

/* Begin PBXNativeTarget section */
		3E3ABDE21EEA0C6700B7A04E /* CVSVMTest */ = {
			isa = PBXNativeTarget;
			buildConfigurationList = 3E3ABE101EEA0C6800B7A04E /* Build configuration list for PBXNativeTarget "CVSVMTest" */;
			buildPhases = (
				3E3ABDDF1EEA0C6700B7A04E /* Sources */,
				3E3ABDE01EEA0C6700B7A04E /* Frameworks */,
				3E3ABDE11EEA0C6700B7A04E /* Resources */,
			);
			buildRules = (
			);
			dependencies = (
			);
			name = CVSVMTest;
			productName = CVSVMTest;
			productReference = 3E3ABDE31EEA0C6700B7A04E /* CVSVMTest.app */;
			productType = "com.apple.product-type.application";
		};
		3E3ABDFB1EEA0C6800B7A04E /* CVSVMTestTests */ = {
			isa = PBXNativeTarget;
			buildConfigurationList = 3E3ABE131EEA0C6800B7A04E /* Build configuration list for PBXNativeTarget "CVSVMTestTests" */;
			buildPhases = (
				3E3ABDF81EEA0C6800B7A04E /* Sources */,
				3E3ABDF91EEA0C6800B7A04E /* Frameworks */,
				3E3ABDFA1EEA0C6800B7A04E /* Resources */,
			);
			buildRules = (
			);
			dependencies = (
				3E3ABDFE1EEA0C6800B7A04E /* PBXTargetDependency */,
			);
			name = CVSVMTestTests;
			productName = CVSVMTestTests;
			productReference = 3E3ABDFC1EEA0C6800B7A04E /* CVSVMTestTests.xctest */;
			productType = "com.apple.product-type.bundle.unit-test";
		};
		3E3ABE061EEA0C6800B7A04E /* CVSVMTestUITests */ = {
			isa = PBXNativeTarget;
			buildConfigurationList = 3E3ABE161EEA0C6800B7A04E /* Build configuration list for PBXNativeTarget "CVSVMTestUITests" */;
			buildPhases = (
				3E3ABE031EEA0C6800B7A04E /* Sources */,
				3E3ABE041EEA0C6800B7A04E /* Frameworks */,
				3E3ABE051EEA0C6800B7A04E /* Resources */,
			);
			buildRules = (
			);
			dependencies = (
				3E3ABE091EEA0C6800B7A04E /* PBXTargetDependency */,
			);
			name = CVSVMTestUITests;
			productName = CVSVMTestUITests;
			productReference = 3E3ABE071EEA0C6800B7A04E /* CVSVMTestUITests.xctest */;
			productType = "com.apple.product-type.bundle.ui-testing";
		};
/* End PBXNativeTarget section */

/* Begin PBXProject section */
		3E3ABDDB1EEA0C6700B7A04E /* Project object */ = {
			isa = PBXProject;
			attributes = {
				LastUpgradeCheck = 0830;
				ORGANIZATIONNAME = "Christopher Palmer";
				TargetAttributes = {
					3E3ABDE21EEA0C6700B7A04E = {
						CreatedOnToolsVersion = 8.3.2;
						DevelopmentTeam = 5Q9B6SG2NX;
						ProvisioningStyle = Automatic;
					};
					3E3ABDFB1EEA0C6800B7A04E = {
						CreatedOnToolsVersion = 8.3.2;
						ProvisioningStyle = Automatic;
						TestTargetID = 3E3ABDE21EEA0C6700B7A04E;
					};
					3E3ABE061EEA0C6800B7A04E = {
						CreatedOnToolsVersion = 8.3.2;
						ProvisioningStyle = Automatic;
						TestTargetID = 3E3ABDE21EEA0C6700B7A04E;
					};
				};
			};
			buildConfigurationList = 3E3ABDDE1EEA0C6700B7A04E /* Build configuration list for PBXProject "CVSVMTest" */;
			compatibilityVersion = "Xcode 3.2";
			developmentRegion = English;
			hasScannedForEncodings = 0;
			knownRegions = (
				en,
				Base,
			);
			mainGroup = 3E3ABDDA1EEA0C6700B7A04E;
			productRefGroup = 3E3ABDE41EEA0C6700B7A04E /* Products */;
			projectDirPath = "";
			projectRoot = "";
			targets = (
				3E3ABDE21EEA0C6700B7A04E /* CVSVMTest */,
				3E3ABDFB1EEA0C6800B7A04E /* CVSVMTestTests */,
				3E3ABE061EEA0C6800B7A04E /* CVSVMTestUITests */,
			);
		};
/* End PBXProject section */

/* Begin PBXResourcesBuildPhase section */
		3E3ABDE11EEA0C6700B7A04E /* Resources */ = {
			isa = PBXResourcesBuildPhase;
			buildActionMask = 2147483647;
			files = (
				3E3ABDF61EEA0C6700B7A04E /* LaunchScreen.storyboard in Resources */,
				3E3ABDF31EEA0C6700B7A04E /* Assets.xcassets in Resources */,
				3E3ABDF11EEA0C6700B7A04E /* Main.storyboard in Resources */,
			);
			runOnlyForDeploymentPostprocessing = 0;
		};
		3E3ABDFA1EEA0C6800B7A04E /* Resources */ = {
			isa = PBXResourcesBuildPhase;
			buildActionMask = 2147483647;
			files = (
			);
			runOnlyForDeploymentPostprocessing = 0;
		};
		3E3ABE051EEA0C6800B7A04E /* Resources */ = {
			isa = PBXResourcesBuildPhase;
			buildActionMask = 2147483647;
			files = (
			);
			runOnlyForDeploymentPostprocessing = 0;
		};
/* End PBXResourcesBuildPhase section */

/* Begin PBXSourcesBuildPhase section */
		3E3ABDDF1EEA0C6700B7A04E /* Sources */ = {
			isa = PBXSourcesBuildPhase;
			buildActionMask = 2147483647;
			files = (
				3E3ABDEE1EEA0C6700B7A04E /* ViewController.m in Sources */,
				3E3ABDEB1EEA0C6700B7A04E /* AppDelegate.m in Sources */,
				3E3ABDE81EEA0C6700B7A04E /* main.m in Sources */,
				3E3ABE1B1EEA0EBA00B7A04E /* SVMLoadTester.cpp in Sources */,
			);
			runOnlyForDeploymentPostprocessing = 0;
		};
		3E3ABDF81EEA0C6800B7A04E /* Sources */ = {
			isa = PBXSourcesBuildPhase;
			buildActionMask = 2147483647;
			files = (
				3E3ABE011EEA0C6800B7A04E /* CVSVMTestTests.m in Sources */,
			);
			runOnlyForDeploymentPostprocessing = 0;
		};
		3E3ABE031EEA0C6800B7A04E /* Sources */ = {
			isa = PBXSourcesBuildPhase;
			buildActionMask = 2147483647;
			files = (
				3E3ABE0C1EEA0C6800B7A04E /* CVSVMTestUITests.m in Sources */,
			);
			runOnlyForDeploymentPostprocessing = 0;
		};
/* End PBXSourcesBuildPhase section */

/* Begin PBXTargetDependency section */
		3E3ABDFE1EEA0C6800B7A04E /* PBXTargetDependency */ = {
			isa = PBXTargetDependency;
			target = 3E3ABDE21EEA0C6700B7A04E /* CVSVMTest */;
			targetProxy = 3E3ABDFD1EEA0C6800B7A04E /* PBXContainerItemProxy */;
		};
		3E3ABE091EEA0C6800B7A04E /* PBXTargetDependency */ = {
			isa = PBXTargetDependency;
			target = 3E3ABDE21EEA0C6700B7A04E /* CVSVMTest */;
			targetProxy = 3E3ABE081EEA0C6800B7A04E /* PBXContainerItemProxy */;
		};
/* End PBXTargetDependency section */

/* Begin PBXVariantGroup section */
		3E3ABDEF1EEA0C6700B7A04E /* Main.storyboard */ = {
			isa = PBXVariantGroup;
			children = (
				3E3ABDF01EEA0C6700B7A04E /* Base */,
			);
			name = Main.storyboard;
			sourceTree = "<group>";
		};
		3E3ABDF41EEA0C6700B7A04E /* LaunchScreen.storyboard */ = {
			isa = PBXVariantGroup;
			children = (
				3E3ABDF51EEA0C6700B7A04E /* Base */,
			);
			name = LaunchScreen.storyboard;
			sourceTree = "<group>";
		};
/* End PBXVariantGroup section */

/* Begin XCBuildConfiguration section */
		3E3ABE0E1EEA0C6800B7A04E /* Debug */ = {
			isa = XCBuildConfiguration;
			buildSettings = {
				ALWAYS_SEARCH_USER_PATHS = NO;
				CLANG_ANALYZER_NONNULL = YES;
				CLANG_ANALYZER_NUMBER_OBJECT_CONVERSION = YES_AGGRESSIVE;
				CLANG_CXX_LANGUAGE_STANDARD = "gnu++0x";
				CLANG_CXX_LIBRARY = "libc++";
				CLANG_ENABLE_MODULES = YES;
				CLANG_ENABLE_OBJC_ARC = YES;
				CLANG_WARN_BOOL_CONVERSION = YES;
				CLANG_WARN_CONSTANT_CONVERSION = YES;
				CLANG_WARN_DIRECT_OBJC_ISA_USAGE = YES_ERROR;
				CLANG_WARN_DOCUMENTATION_COMMENTS = YES;
				CLANG_WARN_EMPTY_BODY = YES;
				CLANG_WARN_ENUM_CONVERSION = YES;
				CLANG_WARN_INFINITE_RECURSION = YES;
				CLANG_WARN_INT_CONVERSION = YES;
				CLANG_WARN_OBJC_ROOT_CLASS = YES_ERROR;
				CLANG_WARN_SUSPICIOUS_MOVE = YES;
				CLANG_WARN_UNREACHABLE_CODE = YES;
				CLANG_WARN__DUPLICATE_METHOD_MATCH = YES;
				"CODE_SIGN_IDENTITY[sdk=iphoneos*]" = "iPhone Developer";
				COPY_PHASE_STRIP = NO;
				DEBUG_INFORMATION_FORMAT = dwarf;
				ENABLE_STRICT_OBJC_MSGSEND = YES;
				ENABLE_TESTABILITY = YES;
				GCC_C_LANGUAGE_STANDARD = gnu99;
				GCC_DYNAMIC_NO_PIC = NO;
				GCC_NO_COMMON_BLOCKS = YES;
				GCC_OPTIMIZATION_LEVEL = 0;
				GCC_PREPROCESSOR_DEFINITIONS = (
					"DEBUG=1",
					"$(inherited)",
				);
				GCC_WARN_64_TO_32_BIT_CONVERSION = YES;
				GCC_WARN_ABOUT_RETURN_TYPE = YES_ERROR;
				GCC_WARN_UNDECLARED_SELECTOR = YES;
				GCC_WARN_UNINITIALIZED_AUTOS = YES_AGGRESSIVE;
				GCC_WARN_UNUSED_FUNCTION = YES;
				GCC_WARN_UNUSED_VARIABLE = YES;
				IPHONEOS_DEPLOYMENT_TARGET = 10.3;
				MTL_ENABLE_DEBUG_INFO = YES;
				ONLY_ACTIVE_ARCH = YES;
				SDKROOT = iphoneos;
				TARGETED_DEVICE_FAMILY = "1,2";
			};
			name = Debug;
		};
		3E3ABE0F1EEA0C6800B7A04E /* Release */ = {
			isa = XCBuildConfiguration;
			buildSettings = {
				ALWAYS_SEARCH_USER_PATHS = NO;
				CLANG_ANALYZER_NONNULL = YES;
				CLANG_ANALYZER_NUMBER_OBJECT_CONVERSION = YES_AGGRESSIVE;
				CLANG_CXX_LANGUAGE_STANDARD = "gnu++0x";
				CLANG_CXX_LIBRARY = "libc++";
				CLANG_ENABLE_MODULES = YES;
				CLANG_ENABLE_OBJC_ARC = YES;
				CLANG_WARN_BOOL_CONVERSION = YES;
				CLANG_WARN_CONSTANT_CONVERSION = YES;
				CLANG_WARN_DIRECT_OBJC_ISA_USAGE = YES_ERROR;
				CLANG_WARN_DOCUMENTATION_COMMENTS = YES;
				CLANG_WARN_EMPTY_BODY = YES;
				CLANG_WARN_ENUM_CONVERSION = YES;
				CLANG_WARN_INFINITE_RECURSION = YES;
				CLANG_WARN_INT_CONVERSION = YES;
				CLANG_WARN_OBJC_ROOT_CLASS = YES_ERROR;
				CLANG_WARN_SUSPICIOUS_MOVE = YES;
				CLANG_WARN_UNREACHABLE_CODE = YES;
				CLANG_WARN__DUPLICATE_METHOD_MATCH = YES;
				"CODE_SIGN_IDENTITY[sdk=iphoneos*]" = "iPhone Developer";
				COPY_PHASE_STRIP = NO;
				DEBUG_INFORMATION_FORMAT = "dwarf-with-dsym";
				ENABLE_NS_ASSERTIONS = NO;
				ENABLE_STRICT_OBJC_MSGSEND = YES;
				GCC_C_LANGUAGE_STANDARD = gnu99;
				GCC_NO_COMMON_BLOCKS = YES;
				GCC_WARN_64_TO_32_BIT_CONVERSION = YES;
				GCC_WARN_ABOUT_RETURN_TYPE = YES_ERROR;
				GCC_WARN_UNDECLARED_SELECTOR = YES;
				GCC_WARN_UNINITIALIZED_AUTOS = YES_AGGRESSIVE;
				GCC_WARN_UNUSED_FUNCTION = YES;
				GCC_WARN_UNUSED_VARIABLE = YES;
				IPHONEOS_DEPLOYMENT_TARGET = 10.3;
				MTL_ENABLE_DEBUG_INFO = NO;
				SDKROOT = iphoneos;
				TARGETED_DEVICE_FAMILY = "1,2";
				VALIDATE_PRODUCT = YES;
			};
			name = Release;
		};
		3E3ABE111EEA0C6800B7A04E /* Debug */ = {
			isa = XCBuildConfiguration;
			buildSettings = {
				ASSETCATALOG_COMPILER_APPICON_NAME = AppIcon;
				DEVELOPMENT_TEAM = 5Q9B6SG2NX;
				FRAMEWORK_SEARCH_PATHS = (
					"$(inherited)",
					"$(PROJECT_DIR)",
				);
				INFOPLIST_FILE = CVSVMTest/Info.plist;
				LD_RUNPATH_SEARCH_PATHS = "$(inherited) @executable_path/Frameworks";
				PRODUCT_BUNDLE_IDENTIFIER = cpalmer.CVSVMTest;
				PRODUCT_NAME = "$(TARGET_NAME)";
			};
			name = Debug;
		};
		3E3ABE121EEA0C6800B7A04E /* Release */ = {
			isa = XCBuildConfiguration;
			buildSettings = {
				ASSETCATALOG_COMPILER_APPICON_NAME = AppIcon;
				DEVELOPMENT_TEAM = 5Q9B6SG2NX;
				FRAMEWORK_SEARCH_PATHS = (
					"$(inherited)",
					"$(PROJECT_DIR)",
				);
				INFOPLIST_FILE = CVSVMTest/Info.plist;
				LD_RUNPATH_SEARCH_PATHS = "$(inherited) @executable_path/Frameworks";
				PRODUCT_BUNDLE_IDENTIFIER = cpalmer.CVSVMTest;
				PRODUCT_NAME = "$(TARGET_NAME)";
			};
			name = Release;
		};
		3E3ABE141EEA0C6800B7A04E /* Debug */ = {
			isa = XCBuildConfiguration;
			buildSettings = {
				BUNDLE_LOADER = "$(TEST_HOST)";
				INFOPLIST_FILE = CVSVMTestTests/Info.plist;
				LD_RUNPATH_SEARCH_PATHS = "$(inherited) @executable_path/Frameworks @loader_path/Frameworks";
				PRODUCT_BUNDLE_IDENTIFIER = cpalmer.CVSVMTestTests;
				PRODUCT_NAME = "$(TARGET_NAME)";
				TEST_HOST = "$(BUILT_PRODUCTS_DIR)/CVSVMTest.app/CVSVMTest";
			};
			name = Debug;
		};
		3E3ABE151EEA0C6800B7A04E /* Release */ = {
			isa = XCBuildConfiguration;
			buildSettings = {
				BUNDLE_LOADER = "$(TEST_HOST)";
				INFOPLIST_FILE = CVSVMTestTests/Info.plist;
				LD_RUNPATH_SEARCH_PATHS = "$(inherited) @executable_path/Frameworks @loader_path/Frameworks";
				PRODUCT_BUNDLE_IDENTIFIER = cpalmer.CVSVMTestTests;
				PRODUCT_NAME = "$(TARGET_NAME)";
				TEST_HOST = "$(BUILT_PRODUCTS_DIR)/CVSVMTest.app/CVSVMTest";
			};
			name = Release;
		};
		3E3ABE171EEA0C6800B7A04E /* Debug */ = {
			isa = XCBuildConfiguration;
			buildSettings = {
				INFOPLIST_FILE = CVSVMTestUITests/Info.plist;
				LD_RUNPATH_SEARCH_PATHS = "$(inherited) @executable_path/Frameworks @loader_path/Frameworks";
				PRODUCT_BUNDLE_IDENTIFIER = cpalmer.CVSVMTestUITests;
				PRODUCT_NAME = "$(TARGET_NAME)";
				TEST_TARGET_NAME = CVSVMTest;
			};
			name = Debug;
		};
		3E3ABE181EEA0C6800B7A04E /* Release */ = {
			isa = XCBuildConfiguration;
			buildSettings = {
				INFOPLIST_FILE = CVSVMTestUITests/Info.plist;
				LD_RUNPATH_SEARCH_PATHS = "$(inherited) @executable_path/Frameworks @loader_path/Frameworks";
				PRODUCT_BUNDLE_IDENTIFIER = cpalmer.CVSVMTestUITests;
				PRODUCT_NAME = "$(TARGET_NAME)";
				TEST_TARGET_NAME = CVSVMTest;
			};
			name = Release;
		};
/* End XCBuildConfiguration section */

/* Begin XCConfigurationList section */
		3E3ABDDE1EEA0C6700B7A04E /* Build configuration list for PBXProject "CVSVMTest" */ = {
			isa = XCConfigurationList;
			buildConfigurations = (
				3E3ABE0E1EEA0C6800B7A04E /* Debug */,
				3E3ABE0F1EEA0C6800B7A04E /* Release */,
			);
			defaultConfigurationIsVisible = 0;
			defaultConfigurationName = Release;
		};
		3E3ABE101EEA0C6800B7A04E /* Build configuration list for PBXNativeTarget "CVSVMTest" */ = {
			isa = XCConfigurationList;
			buildConfigurations = (
				3E3ABE111EEA0C6800B7A04E /* Debug */,
				3E3ABE121EEA0C6800B7A04E /* Release */,
			);
			defaultConfigurationIsVisible = 0;
		};
		3E3ABE131EEA0C6800B7A04E /* Build configuration list for PBXNativeTarget "CVSVMTestTests" */ = {
			isa = XCConfigurationList;
			buildConfigurations = (
				3E3ABE141EEA0C6800B7A04E /* Debug */,
				3E3ABE151EEA0C6800B7A04E /* Release */,
			);
			defaultConfigurationIsVisible = 0;
		};
		3E3ABE161EEA0C6800B7A04E /* Build configuration list for PBXNativeTarget "CVSVMTestUITests" */ = {
			isa = XCConfigurationList;
			buildConfigurations = (
				3E3ABE171EEA0C6800B7A04E /* Debug */,
				3E3ABE181EEA0C6800B7A04E /* Release */,
			);
			defaultConfigurationIsVisible = 0;
		};
/* End XCConfigurationList section */
	};
	rootObject = 3E3ABDDB1EEA0C6700B7A04E /* Project object */;
}
